
Microsoft Visual Studio Solution File, Format Version 12.00
# Visual Studio 15
Project("{FAE04EC0-301F-11D3-BF4B-00C04F79EFBC}") = "LoadingSample", "LoadingSample\LoadingSample\LoadingSample.csproj", "{542AC0EA-9C15-42D4-96D8-6FFCE6A1E9B3}"
EndProject
Project("{FAE04EC0-301F-11D3-BF4B-00C04F79EFBC}") = "LoadingSample.Android", "LoadingSample\LoadingSample.Android\LoadingSample.Android.csproj", "{E884501B-80A1-4E07-B6AA-12E3F544949B}"
EndProject
Project("{FAE04EC0-301F-11D3-BF4B-00C04F79EFBC}") = "LoadingSample.iOS", "LoadingSample\LoadingSample.iOS\LoadingSample.iOS.csproj", "{8BAB535F-BDBE-4B33-8309-E79CEFC7D21F}"
EndProject
Global
	GlobalSection(SolutionConfigurationPlatforms) = preSolution
		Debug|Any CPU = Debug|Any CPU
		Release|Any CPU = Release|Any CPU
		Debug|iPhoneSimulator = Debug|iPhoneSimulator
		Release|iPhoneSimulator = Release|iPhoneSimulator
		Debug|iPhone = Debug|iPhone
		Release|iPhone = Release|iPhone
		Ad-Hoc|iPhone = Ad-Hoc|iPhone
		AppStore|iPhone = AppStore|iPhone
	EndGlobalSection
	GlobalSection(ProjectConfigurationPlatforms) = postSolution
		{542AC0EA-9C15-42D4-96D8-6FFCE6A1E9B3}.Debug|Any CPU.ActiveCfg = Debug|Any CPU
		{542AC0EA-9C15-42D4-96D8-6FFCE6A1E9B3}.Debug|Any CPU.Build.0 = Debug|Any CPU
		{542AC0EA-9C15-42D4-96D8-6FFCE6A1E9B3}.Release|Any CPU.ActiveCfg = Release|Any CPU
		{542AC0EA-9C15-42D4-96D8-6FFCE6A1E9B3}.Release|Any CPU.Build.0 = Release|Any CPU
		{542AC0EA-9C15-42D4-96D8-6FFCE6A1E9B3}.Debug|iPhoneSimulator.ActiveCfg = Debug|Any CPU
		{542AC0EA-9C15-42D4-96D8-6FFCE6A1E9B3}.Debug|iPhoneSimulator.Build.0 = Debug|Any CPU
		{542AC0EA-9C15-42D4-96D8-6FFCE6A1E9B3}.Release|iPhoneSimulator.ActiveCfg = Release|Any CPU
		{542AC0EA-9C15-42D4-96D8-6FFCE6A1E9B3}.Release|iPhoneSimulator.Build.0 = Release|Any CPU
		{542AC0EA-9C15-42D4-96D8-6FFCE6A1E9B3}.Debug|iPhone.ActiveCfg = Debug|Any CPU
		{542AC0EA-9C15-42D4-96D8-6FFCE6A1E9B3}.Debug|iPhone.Build.0 = Debug|Any CPU
		{542AC0EA-9C15-42D4-96D8-6FFCE6A1E9B3}.Release|iPhone.ActiveCfg = Release|Any CPU
		{542AC0EA-9C15-42D4-96D8-6FFCE6A1E9B3}.Release|iPhone.Build.0 = Release|Any CPU
		{542AC0EA-9C15-42D4-96D8-6FFCE6A1E9B3}.Ad-Hoc|iPhone.ActiveCfg = Debug|Any CPU
		{542AC0EA-9C15-42D4-96D8-6FFCE6A1E9B3}.Ad-Hoc|iPhone.Build.0 = Debug|Any CPU
		{542AC0EA-9C15-42D4-96D8-6FFCE6A1E9B3}.AppStore|iPhone.ActiveCfg = Debug|Any CPU
		{542AC0EA-9C15-42D4-96D8-6FFCE6A1E9B3}.AppStore|iPhone.Build.0 = Debug|Any CPU
		{E884501B-80A1-4E07-B6AA-12E3F544949B}.Debug|Any CPU.ActiveCfg = Debug|Any CPU
		{E884501B-80A1-4E07-B6AA-12E3F544949B}.Debug|Any CPU.Build.0 = Debug|Any CPU
		{E884501B-80A1-4E07-B6AA-12E3F544949B}.Release|Any CPU.ActiveCfg = Release|Any CPU
		{E884501B-80A1-4E07-B6AA-12E3F544949B}.Release|Any CPU.Build.0 = Release|Any CPU
		{E884501B-80A1-4E07-B6AA-12E3F544949B}.Debug|iPhoneSimulator.ActiveCfg = Debug|Any CPU
		{E884501B-80A1-4E07-B6AA-12E3F544949B}.Debug|iPhoneSimulator.Build.0 = Debug|Any CPU
		{E884501B-80A1-4E07-B6AA-12E3F544949B}.Release|iPhoneSimulator.ActiveCfg = Release|Any CPU
		{E884501B-80A1-4E07-B6AA-12E3F544949B}.Release|iPhoneSimulator.Build.0 = Release|Any CPU
		{E884501B-80A1-4E07-B6AA-12E3F544949B}.Debug|iPhone.ActiveCfg = Debug|Any CPU
		{E884501B-80A1-4E07-B6AA-12E3F544949B}.Debug|iPhone.Build.0 = Debug|Any CPU
		{E884501B-80A1-4E07-B6AA-12E3F544949B}.Release|iPhone.ActiveCfg = Release|Any CPU
		{E884501B-80A1-4E07-B6AA-12E3F544949B}.Release|iPhone.Build.0 = Release|Any CPU
		{E884501B-80A1-4E07-B6AA-12E3F544949B}.Ad-Hoc|iPhone.ActiveCfg = Debug|Any CPU
		{E884501B-80A1-4E07-B6AA-12E3F544949B}.Ad-Hoc|iPhone.Build.0 = Debug|Any CPU
		{E884501B-80A1-4E07-B6AA-12E3F544949B}.AppStore|iPhone.ActiveCfg = Debug|Any CPU
		{E884501B-80A1-4E07-B6AA-12E3F544949B}.AppStore|iPhone.Build.0 = Debug|Any CPU
		{8BAB535F-BDBE-4B33-8309-E79CEFC7D21F}.Debug|Any CPU.ActiveCfg = Debug|iPhoneSimulator
		{8BAB535F-BDBE-4B33-8309-E79CEFC7D21F}.Debug|Any CPU.Build.0 = Debug|iPhoneSimulator
		{8BAB535F-BDBE-4B33-8309-E79CEFC7D21F}.Release|Any CPU.ActiveCfg = Release|iPhoneSimulator
		{8BAB535F-BDBE-4B33-8309-E79CEFC7D21F}.Release|Any CPU.Build.0 = Release|iPhoneSimulator
		{8BAB535F-BDBE-4B33-8309-E79CEFC7D21F}.Debug|iPhoneSimulator.ActiveCfg = Debug|iPhoneSimulator
		{8BAB535F-BDBE-4B33-8309-E79CEFC7D21F}.Debug|iPhoneSimulator.Build.0 = Debug|iPhoneSimulator
		{8BAB535F-BDBE-4B33-8309-E79CEFC7D21F}.Release|iPhoneSimulator.ActiveCfg = Release|iPhoneSimulator
		{8BAB535F-BDBE-4B33-8309-E79CEFC7D21F}.Release|iPhoneSimulator.Build.0 = Release|iPhoneSimulator
		{8BAB535F-BDBE-4B33-8309-E79CEFC7D21F}.Debug|iPhone.ActiveCfg = Debug|iPhone
		{8BAB535F-BDBE-4B33-8309-E79CEFC7D21F}.Debug|iPhone.Build.0 = Debug|iPhone
		{8BAB535F-BDBE-4B33-8309-E79CEFC7D21F}.Release|iPhone.ActiveCfg = Release|iPhone
		{8BAB535F-BDBE-4B33-8309-E79CEFC7D21F}.Release|iPhone.Build.0 = Release|iPhone
		{8BAB535F-BDBE-4B33-8309-E79CEFC7D21F}.Ad-Hoc|iPhone.ActiveCfg = Ad-Hoc|iPhone
		{8BAB535F-BDBE-4B33-8309-E79CEFC7D21F}.Ad-Hoc|iPhone.Build.0 = Ad-Hoc|iPhone
		{8BAB535F-BDBE-4B33-8309-E79CEFC7D21F}.AppStore|iPhone.ActiveCfg = AppStore|iPhone
		{8BAB535F-BDBE-4B33-8309-E79CEFC7D21F}.AppStore|iPhone.Build.0 = AppStore|iPhone
	EndGlobalSection
EndGlobal
